<Solution>
  <Configurations>
    <Platform Name="x64" />
    <Platform Name="x86" />
  </Configurations>
  <Folder Name="/.github/" />
  <Folder Name="/.github/workflow/">
    <File Path=".github/workflows/buildAndTest.yml" />
  </Folder>
  <Folder Name="/Tests/">
    <File Path="Tests/Tests.cpp" />
    <File Path="Tests/Tests.vcxproj" />
  </Folder>
  <Project Path="CI-CD-PipelineBasic/CI-CD-PipelineBasic.vcxproj" Id="65f3807e-2b25-40e8-9d36-e7314e2e4f7e" />
</Solution>
